
Microsoft Visual Studio Solution File, Format Version 12.00
# Visual Studio Version 17
VisualStudioVersion = 17.10.35027.167
MinimumVisualStudioVersion = 10.0.40219.1
Project("{FAE04EC0-301F-11D3-BF4B-00C04F79EFBC}") = "Futterautomatenmanager", "Futterautomatenmanager\Futterautomatenmanager.csproj", "{6449214D-898A-4E78-BFFF-E5BCAB550264}"
EndProject
Global
	GlobalSection(SolutionConfigurationPlatforms) = preSolution
		Debug|Any CPU = Debug|Any CPU
		Release|Any CPU = Release|Any CPU
	EndGlobalSection
	GlobalSection(ProjectConfigurationPlatforms) = postSolution
		{6449214D-898A-4E78-BFFF-E5BCAB550264}.Debug|Any CPU.ActiveCfg = Debug|Any CPU
		{6449214D-898A-4E78-BFFF-E5BCAB550264}.Debug|Any CPU.Build.0 = Debug|Any CPU
		{6449214D-898A-4E78-BFFF-E5BCAB550264}.Release|Any CPU.ActiveCfg = Release|Any CPU
		{6449214D-898A-4E78-BFFF-E5BCAB550264}.Release|Any CPU.Build.0 = Release|Any CPU
	EndGlobalSection
	GlobalSection(SolutionProperties) = preSolution
		HideSolutionNode = FALSE
	EndGlobalSection
	GlobalSection(ExtensibilityGlobals) = postSolution
		SolutionGuid = {988D06EA-6276-4319-961C-A8C3315299E8}
	EndGlobalSection
EndGlobal
